// !$*UTF8*$!
{
	archiveVersion = 1;
	classes = {
	};
	objectVersion = 46;
	objects = {

/* Begin PBXBuildFile section */
		9774F1DC176A129700180D4A /* DPTwitterKit.podspec in Resources */ = {isa = PBXBuildFile; fileRef = 9774F1DB176A129700180D4A /* DPTwitterKit.podspec */; };
		9774F1DE176A1DA800180D4A /* Podfile in Resources */ = {isa = PBXBuildFile; fileRef = 9774F1DD176A1DA800180D4A /* Podfile */; };
		9774F1E2176A322900180D4A /* Social.framework in Frameworks */ = {isa = PBXBuildFile; fileRef = 9774F1E1176A322900180D4A /* Social.framework */; settings = {ATTRIBUTES = (Weak, ); }; };
		977CCB83172ACC5A00C3FF6A /* UIKit.framework in Frameworks */ = {isa = PBXBuildFile; fileRef = 977CCB82172ACC5A00C3FF6A /* UIKit.framework */; };
		977CCB85172ACC5A00C3FF6A /* Foundation.framework in Frameworks */ = {isa = PBXBuildFile; fileRef = 977CCB84172ACC5A00C3FF6A /* Foundation.framework */; };
		977CCB8D172ACC5A00C3FF6A /* InfoPlist.strings in Resources */ = {isa = PBXBuildFile; fileRef = 977CCB8B172ACC5A00C3FF6A /* InfoPlist.strings */; };
		977CCB8F172ACC5A00C3FF6A /* main.m in Sources */ = {isa = PBXBuildFile; fileRef = 977CCB8E172ACC5A00C3FF6A /* main.m */; };
		977CCB93172ACC5A00C3FF6A /* AppDelegate.m in Sources */ = {isa = PBXBuildFile; fileRef = 977CCB92172ACC5A00C3FF6A /* AppDelegate.m */; };
		977CCB95172ACC5A00C3FF6A /* Default.png in Resources */ = {isa = PBXBuildFile; fileRef = 977CCB94172ACC5A00C3FF6A /* Default.png */; };
		977CCB97172ACC5A00C3FF6A /* Default@2x.png in Resources */ = {isa = PBXBuildFile; fileRef = 977CCB96172ACC5A00C3FF6A /* Default@2x.png */; };
		977CCB99172ACC5A00C3FF6A /* Default-568h@2x.png in Resources */ = {isa = PBXBuildFile; fileRef = 977CCB98172ACC5A00C3FF6A /* Default-568h@2x.png */; };
		977CCB9C172ACC5A00C3FF6A /* ViewController.m in Sources */ = {isa = PBXBuildFile; fileRef = 977CCB9B172ACC5A00C3FF6A /* ViewController.m */; };
		977CCB9F172ACC5A00C3FF6A /* ViewController.xib in Resources */ = {isa = PBXBuildFile; fileRef = 977CCB9D172ACC5A00C3FF6A /* ViewController.xib */; };
		977CCBA6172ACD6300C3FF6A /* Twitter.framework in Frameworks */ = {isa = PBXBuildFile; fileRef = 977CCBA5172ACD6300C3FF6A /* Twitter.framework */; };
		977CCBA8172AD01D00C3FF6A /* Accounts.framework in Frameworks */ = {isa = PBXBuildFile; fileRef = 977CCBA7172AD01D00C3FF6A /* Accounts.framework */; };
		97DB3C0A1771B8F000F4702F /* UIColor+Extras.m in Sources */ = {isa = PBXBuildFile; fileRef = 97DB3C091771B8F000F4702F /* UIColor+Extras.m */; };
		97E6FB901732B8CE00A1D6CC /* DPTweetViewController.m in Sources */ = {isa = PBXBuildFile; fileRef = 97E6FB8D1732B8CE00A1D6CC /* DPTweetViewController.m */; };
		97E6FB911732B8CE00A1D6CC /* DPTweetViewController.xib in Resources */ = {isa = PBXBuildFile; fileRef = 97E6FB8F1732B8CE00A1D6CC /* DPTweetViewController.xib */; };
		97E6FB9F1732BB4B00A1D6CC /* tw_favourite.png in Resources */ = {isa = PBXBuildFile; fileRef = 97E6FB931732BB4B00A1D6CC /* tw_favourite.png */; };
		97E6FBA01732BB4B00A1D6CC /* tw_favourite_highlighted.png in Resources */ = {isa = PBXBuildFile; fileRef = 97E6FB941732BB4B00A1D6CC /* tw_favourite_highlighted.png */; };
		97E6FBA11732BB4B00A1D6CC /* tw_favourite_selected.png in Resources */ = {isa = PBXBuildFile; fileRef = 97E6FB951732BB4B00A1D6CC /* tw_favourite_selected.png */; };
		97E6FBA21732BB4B00A1D6CC /* tw_favourited_selected_highlighted.png in Resources */ = {isa = PBXBuildFile; fileRef = 97E6FB961732BB4B00A1D6CC /* tw_favourited_selected_highlighted.png */; };
		97E6FBA31732BB4B00A1D6CC /* tw_follow.png in Resources */ = {isa = PBXBuildFile; fileRef = 97E6FB971732BB4B00A1D6CC /* tw_follow.png */; };
		97E6FBA41732BB4B00A1D6CC /* tw_followed.png in Resources */ = {isa = PBXBuildFile; fileRef = 97E6FB981732BB4B00A1D6CC /* tw_followed.png */; };
		97E6FBA51732BB4B00A1D6CC /* tw_reply.png in Resources */ = {isa = PBXBuildFile; fileRef = 97E6FB991732BB4B00A1D6CC /* tw_reply.png */; };
		97E6FBA61732BB4B00A1D6CC /* tw_reply_highlighted.png in Resources */ = {isa = PBXBuildFile; fileRef = 97E6FB9A1732BB4B00A1D6CC /* tw_reply_highlighted.png */; };
		97E6FBA71732BB4B00A1D6CC /* tw_retweet.png in Resources */ = {isa = PBXBuildFile; fileRef = 97E6FB9B1732BB4B00A1D6CC /* tw_retweet.png */; };
		97E6FBA81732BB4B00A1D6CC /* tw_retweet_highlighted.png in Resources */ = {isa = PBXBuildFile; fileRef = 97E6FB9C1732BB4B00A1D6CC /* tw_retweet_highlighted.png */; };
		97E6FBA91732BB4B00A1D6CC /* tw_retweet_selected.png in Resources */ = {isa = PBXBuildFile; fileRef = 97E6FB9D1732BB4B00A1D6CC /* tw_retweet_selected.png */; };
		97E6FBAA1732BB4B00A1D6CC /* tw_retweet_selected_highlighted.png in Resources */ = {isa = PBXBuildFile; fileRef = 97E6FB9E1732BB4B00A1D6CC /* tw_retweet_selected_highlighted.png */; };
		97E6FBAE1732BBC600A1D6CC /* DPAuthorViewController.m in Sources */ = {isa = PBXBuildFile; fileRef = 97E6FBAC1732BBC500A1D6CC /* DPAuthorViewController.m */; };
		97E6FBAF1732BBC600A1D6CC /* DPAuthorViewController.xib in Resources */ = {isa = PBXBuildFile; fileRef = 97E6FBAD1732BBC600A1D6CC /* DPAuthorViewController.xib */; };
		97EA60BB172EBB630003CFF0 /* ImageIO.framework in Frameworks */ = {isa = PBXBuildFile; fileRef = 97EA60BA172EBB630003CFF0 /* ImageIO.framework */; };
		97EA60BD172EBB950003CFF0 /* MapKit.framework in Frameworks */ = {isa = PBXBuildFile; fileRef = 97EA60BC172EBB950003CFF0 /* MapKit.framework */; };
		97EA610417303B6D0003CFF0 /* QuartzCore.framework in Frameworks */ = {isa = PBXBuildFile; fileRef = 97EA60B6172EBB160003CFF0 /* QuartzCore.framework */; };
		97EA610517303B800003CFF0 /* CoreGraphics.framework in Frameworks */ = {isa = PBXBuildFile; fileRef = 977CCB86172ACC5A00C3FF6A /* CoreGraphics.framework */; };
		97EA6135173117190003CFF0 /* DPTweetsCache.m in Sources */ = {isa = PBXBuildFile; fileRef = 97EA6125173117190003CFF0 /* DPTweetsCache.m */; };
		97EA6136173117190003CFF0 /* DPTweetsListViewController.m in Sources */ = {isa = PBXBuildFile; fileRef = 97EA6128173117190003CFF0 /* DPTweetsListViewController.m */; };
		97EA6137173117190003CFF0 /* DPTweetsListViewController.xib in Resources */ = {isa = PBXBuildFile; fileRef = 97EA6129173117190003CFF0 /* DPTweetsListViewController.xib */; };
		97EA6138173117190003CFF0 /* DPTweetViewCell.m in Sources */ = {isa = PBXBuildFile; fileRef = 97EA612B173117190003CFF0 /* DPTweetViewCell.m */; };
		97EA6139173117190003CFF0 /* DPTweetViewCell.xib in Resources */ = {isa = PBXBuildFile; fileRef = 97EA612C173117190003CFF0 /* DPTweetViewCell.xib */; };
		97EA613A173117190003CFF0 /* DPTwitterService.m in Sources */ = {isa = PBXBuildFile; fileRef = 97EA612E173117190003CFF0 /* DPTwitterService.m */; };
		97EA613B173117190003CFF0 /* DPTwitterTableDataSource.m in Sources */ = {isa = PBXBuildFile; fileRef = 97EA6130173117190003CFF0 /* DPTwitterTableDataSource.m */; };
		97EA613C173117190003CFF0 /* DPTwitterTableDelegate.m in Sources */ = {isa = PBXBuildFile; fileRef = 97EA6132173117190003CFF0 /* DPTwitterTableDelegate.m */; };
		97EA613D173117190003CFF0 /* NSDictionary+Extensions.m in Sources */ = {isa = PBXBuildFile; fileRef = 97EA6134173117190003CFF0 /* NSDictionary+Extensions.m */; };
		97EA614A173117280003CFF0 /* favorite.png in Resources */ = {isa = PBXBuildFile; fileRef = 97EA613F173117280003CFF0 /* favorite.png */; };
		97EA614B173117280003CFF0 /* favorite_hover.png in Resources */ = {isa = PBXBuildFile; fileRef = 97EA6140173117280003CFF0 /* favorite_hover.png */; };
		97EA614C173117280003CFF0 /* favorite_on.png in Resources */ = {isa = PBXBuildFile; fileRef = 97EA6141173117280003CFF0 /* favorite_on.png */; };
		97EA614D173117280003CFF0 /* reply.png in Resources */ = {isa = PBXBuildFile; fileRef = 97EA6142173117280003CFF0 /* reply.png */; };
		97EA614E173117280003CFF0 /* reply_hover.png in Resources */ = {isa = PBXBuildFile; fileRef = 97EA6143173117280003CFF0 /* reply_hover.png */; };
		97EA614F173117280003CFF0 /* retweet.png in Resources */ = {isa = PBXBuildFile; fileRef = 97EA6144173117280003CFF0 /* retweet.png */; };
		97EA6150173117280003CFF0 /* retweet_hover.png in Resources */ = {isa = PBXBuildFile; fileRef = 97EA6145173117280003CFF0 /* retweet_hover.png */; };
		97EA6151173117280003CFF0 /* retweet_on.png in Resources */ = {isa = PBXBuildFile; fileRef = 97EA6146173117280003CFF0 /* retweet_on.png */; };
		97EA6152173117280003CFF0 /* twitter-bird-dark-bgs.png in Resources */ = {isa = PBXBuildFile; fileRef = 97EA6147173117280003CFF0 /* twitter-bird-dark-bgs.png */; };
		97EA6153173117280003CFF0 /* twitter-bird-light-bgs.png in Resources */ = {isa = PBXBuildFile; fileRef = 97EA6148173117280003CFF0 /* twitter-bird-light-bgs.png */; };
		97EA6154173117280003CFF0 /* twitter-bird-white-on-blue.png in Resources */ = {isa = PBXBuildFile; fileRef = 97EA6149173117280003CFF0 /* twitter-bird-white-on-blue.png */; };
		97EA6158173117B90003CFF0 /* Resources.bundle in Resources */ = {isa = PBXBuildFile; fileRef = 97EA6157173117B90003CFF0 /* Resources.bundle */; };
		EABFCB0931534CDC93437B50 /* libPods.a in Frameworks */ = {isa = PBXBuildFile; fileRef = EB109BBCDD334170924F03DB /* libPods.a */; };
/* End PBXBuildFile section */

/* Begin PBXFileReference section */
		7002D5D4A43A4C9E902DB3EA /* Pods.xcconfig */ = {isa = PBXFileReference; includeInIndex = 1; lastKnownFileType = text.xcconfig; name = Pods.xcconfig; path = Pods/Pods.xcconfig; sourceTree = SOURCE_ROOT; };
		9774F1DB176A129700180D4A /* DPTwitterKit.podspec */ = {isa = PBXFileReference; fileEncoding = 4; lastKnownFileType = text; path = DPTwitterKit.podspec; sourceTree = "<group>"; };
		9774F1DD176A1DA800180D4A /* Podfile */ = {isa = PBXFileReference; fileEncoding = 4; lastKnownFileType = text; path = Podfile; sourceTree = "<group>"; xcLanguageSpecificationIdentifier = xcode.lang.ruby; };
		9774F1E1176A322900180D4A /* Social.framework */ = {isa = PBXFileReference; lastKnownFileType = wrapper.framework; name = Social.framework; path = System/Library/Frameworks/Social.framework; sourceTree = SDKROOT; };
		977CCB7F172ACC5A00C3FF6A /* TwitterTest.app */ = {isa = PBXFileReference; explicitFileType = wrapper.application; includeInIndex = 0; path = TwitterTest.app; sourceTree = BUILT_PRODUCTS_DIR; };
		977CCB82172ACC5A00C3FF6A /* UIKit.framework */ = {isa = PBXFileReference; lastKnownFileType = wrapper.framework; name = UIKit.framework; path = System/Library/Frameworks/UIKit.framework; sourceTree = SDKROOT; };
		977CCB84172ACC5A00C3FF6A /* Foundation.framework */ = {isa = PBXFileReference; lastKnownFileType = wrapper.framework; name = Foundation.framework; path = System/Library/Frameworks/Foundation.framework; sourceTree = SDKROOT; };
		977CCB86172ACC5A00C3FF6A /* CoreGraphics.framework */ = {isa = PBXFileReference; lastKnownFileType = wrapper.framework; name = CoreGraphics.framework; path = System/Library/Frameworks/CoreGraphics.framework; sourceTree = SDKROOT; };
		977CCB8A172ACC5A00C3FF6A /* TwitterTest-Info.plist */ = {isa = PBXFileReference; lastKnownFileType = text.plist.xml; path = "TwitterTest-Info.plist"; sourceTree = "<group>"; };
		977CCB8C172ACC5A00C3FF6A /* en */ = {isa = PBXFileReference; lastKnownFileType = text.plist.strings; name = en; path = en.lproj/InfoPlist.strings; sourceTree = "<group>"; };
		977CCB8E172ACC5A00C3FF6A /* main.m */ = {isa = PBXFileReference; lastKnownFileType = sourcecode.c.objc; path = main.m; sourceTree = "<group>"; };
		977CCB90172ACC5A00C3FF6A /* TwitterTest-Prefix.pch */ = {isa = PBXFileReference; lastKnownFileType = sourcecode.c.h; path = "TwitterTest-Prefix.pch"; sourceTree = "<group>"; };
		977CCB91172ACC5A00C3FF6A /* AppDelegate.h */ = {isa = PBXFileReference; lastKnownFileType = sourcecode.c.h; path = AppDelegate.h; sourceTree = "<group>"; };
		977CCB92172ACC5A00C3FF6A /* AppDelegate.m */ = {isa = PBXFileReference; lastKnownFileType = sourcecode.c.objc; path = AppDelegate.m; sourceTree = "<group>"; };
		977CCB94172ACC5A00C3FF6A /* Default.png */ = {isa = PBXFileReference; lastKnownFileType = image.png; path = Default.png; sourceTree = "<group>"; };
		977CCB96172ACC5A00C3FF6A /* Default@2x.png */ = {isa = PBXFileReference; lastKnownFileType = image.png; path = "Default@2x.png"; sourceTree = "<group>"; };
		977CCB98172ACC5A00C3FF6A /* Default-568h@2x.png */ = {isa = PBXFileReference; lastKnownFileType = image.png; path = "Default-568h@2x.png"; sourceTree = "<group>"; };
		977CCB9A172ACC5A00C3FF6A /* ViewController.h */ = {isa = PBXFileReference; lastKnownFileType = sourcecode.c.h; path = ViewController.h; sourceTree = "<group>"; };
		977CCB9B172ACC5A00C3FF6A /* ViewController.m */ = {isa = PBXFileReference; lastKnownFileType = sourcecode.c.objc; path = ViewController.m; sourceTree = "<group>"; };
		977CCB9E172ACC5A00C3FF6A /* en */ = {isa = PBXFileReference; lastKnownFileType = file.xib; name = en; path = en.lproj/ViewController.xib; sourceTree = "<group>"; };
		977CCBA5172ACD6300C3FF6A /* Twitter.framework */ = {isa = PBXFileReference; lastKnownFileType = wrapper.framework; name = Twitter.framework; path = System/Library/Frameworks/Twitter.framework; sourceTree = SDKROOT; };
		977CCBA7172AD01D00C3FF6A /* Accounts.framework */ = {isa = PBXFileReference; lastKnownFileType = wrapper.framework; name = Accounts.framework; path = System/Library/Frameworks/Accounts.framework; sourceTree = SDKROOT; };
		97DB3C081771B8F000F4702F /* UIColor+Extras.h */ = {isa = PBXFileReference; fileEncoding = 4; lastKnownFileType = sourcecode.c.h; path = "UIColor+Extras.h"; sourceTree = "<group>"; };
		97DB3C091771B8F000F4702F /* UIColor+Extras.m */ = {isa = PBXFileReference; fileEncoding = 4; lastKnownFileType = sourcecode.c.objc; path = "UIColor+Extras.m"; sourceTree = "<group>"; };
		97E6FB8D1732B8CE00A1D6CC /* DPTweetViewController.m */ = {isa = PBXFileReference; fileEncoding = 4; lastKnownFileType = sourcecode.c.objc; path = DPTweetViewController.m; sourceTree = "<group>"; };
		97E6FB8E1732B8CE00A1D6CC /* DPTweetViewController.h */ = {isa = PBXFileReference; fileEncoding = 4; lastKnownFileType = sourcecode.c.h; path = DPTweetViewController.h; sourceTree = "<group>"; };
		97E6FB8F1732B8CE00A1D6CC /* DPTweetViewController.xib */ = {isa = PBXFileReference; fileEncoding = 4; lastKnownFileType = file.xib; path = DPTweetViewController.xib; sourceTree = "<group>"; };
		97E6FB931732BB4B00A1D6CC /* tw_favourite.png */ = {isa = PBXFileReference; lastKnownFileType = image.png; path = tw_favourite.png; sourceTree = "<group>"; };
		97E6FB941732BB4B00A1D6CC /* tw_favourite_highlighted.png */ = {isa = PBXFileReference; lastKnownFileType = image.png; path = tw_favourite_highlighted.png; sourceTree = "<group>"; };
		97E6FB951732BB4B00A1D6CC /* tw_favourite_selected.png */ = {isa = PBXFileReference; lastKnownFileType = image.png; path = tw_favourite_selected.png; sourceTree = "<group>"; };
		97E6FB961732BB4B00A1D6CC /* tw_favourited_selected_highlighted.png */ = {isa = PBXFileReference; lastKnownFileType = image.png; path = tw_favourited_selected_highlighted.png; sourceTree = "<group>"; };
		97E6FB971732BB4B00A1D6CC /* tw_follow.png */ = {isa = PBXFileReference; lastKnownFileType = image.png; path = tw_follow.png; sourceTree = "<group>"; };
		97E6FB981732BB4B00A1D6CC /* tw_followed.png */ = {isa = PBXFileReference; lastKnownFileType = image.png; path = tw_followed.png; sourceTree = "<group>"; };
		97E6FB991732BB4B00A1D6CC /* tw_reply.png */ = {isa = PBXFileReference; lastKnownFileType = image.png; path = tw_reply.png; sourceTree = "<group>"; };
		97E6FB9A1732BB4B00A1D6CC /* tw_reply_highlighted.png */ = {isa = PBXFileReference; lastKnownFileType = image.png; path = tw_reply_highlighted.png; sourceTree = "<group>"; };
		97E6FB9B1732BB4B00A1D6CC /* tw_retweet.png */ = {isa = PBXFileReference; lastKnownFileType = image.png; path = tw_retweet.png; sourceTree = "<group>"; };
		97E6FB9C1732BB4B00A1D6CC /* tw_retweet_highlighted.png */ = {isa = PBXFileReference; lastKnownFileType = image.png; path = tw_retweet_highlighted.png; sourceTree = "<group>"; };
		97E6FB9D1732BB4B00A1D6CC /* tw_retweet_selected.png */ = {isa = PBXFileReference; lastKnownFileType = image.png; path = tw_retweet_selected.png; sourceTree = "<group>"; };
		97E6FB9E1732BB4B00A1D6CC /* tw_retweet_selected_highlighted.png */ = {isa = PBXFileReference; lastKnownFileType = image.png; path = tw_retweet_selected_highlighted.png; sourceTree = "<group>"; };
		97E6FBAB1732BBC500A1D6CC /* DPAuthorViewController.h */ = {isa = PBXFileReference; fileEncoding = 4; lastKnownFileType = sourcecode.c.h; path = DPAuthorViewController.h; sourceTree = "<group>"; };
		97E6FBAC1732BBC500A1D6CC /* DPAuthorViewController.m */ = {isa = PBXFileReference; fileEncoding = 4; lastKnownFileType = sourcecode.c.objc; path = DPAuthorViewController.m; sourceTree = "<group>"; };
		97E6FBAD1732BBC600A1D6CC /* DPAuthorViewController.xib */ = {isa = PBXFileReference; fileEncoding = 4; lastKnownFileType = file.xib; path = DPAuthorViewController.xib; sourceTree = "<group>"; };
		97EA60B6172EBB160003CFF0 /* QuartzCore.framework */ = {isa = PBXFileReference; lastKnownFileType = wrapper.framework; name = QuartzCore.framework; path = System/Library/Frameworks/QuartzCore.framework; sourceTree = SDKROOT; };
		97EA60B8172EBB270003CFF0 /* CoreFoundation.framework */ = {isa = PBXFileReference; lastKnownFileType = wrapper.framework; name = CoreFoundation.framework; path = System/Library/Frameworks/CoreFoundation.framework; sourceTree = SDKROOT; };
		97EA60BA172EBB630003CFF0 /* ImageIO.framework */ = {isa = PBXFileReference; lastKnownFileType = wrapper.framework; name = ImageIO.framework; path = System/Library/Frameworks/ImageIO.framework; sourceTree = SDKROOT; };
		97EA60BC172EBB950003CFF0 /* MapKit.framework */ = {isa = PBXFileReference; lastKnownFileType = wrapper.framework; name = MapKit.framework; path = System/Library/Frameworks/MapKit.framework; sourceTree = SDKROOT; };
		97EA6123173117190003CFF0 /* DPTweetDelegate.h */ = {isa = PBXFileReference; fileEncoding = 4; lastKnownFileType = sourcecode.c.h; path = DPTweetDelegate.h; sourceTree = "<group>"; };
		97EA6124173117190003CFF0 /* DPTweetsCache.h */ = {isa = PBXFileReference; fileEncoding = 4; lastKnownFileType = sourcecode.c.h; path = DPTweetsCache.h; sourceTree = "<group>"; };
		97EA6125173117190003CFF0 /* DPTweetsCache.m */ = {isa = PBXFileReference; fileEncoding = 4; lastKnownFileType = sourcecode.c.objc; path = DPTweetsCache.m; sourceTree = "<group>"; };
		97EA6126173117190003CFF0 /* DPTweetsDisplay.h */ = {isa = PBXFileReference; fileEncoding = 4; lastKnownFileType = sourcecode.c.h; path = DPTweetsDisplay.h; sourceTree = "<group>"; };
		97EA6127173117190003CFF0 /* DPTweetsListViewController.h */ = {isa = PBXFileReference; fileEncoding = 4; lastKnownFileType = sourcecode.c.h; path = DPTweetsListViewController.h; sourceTree = "<group>"; };
		97EA6128173117190003CFF0 /* DPTweetsListViewController.m */ = {isa = PBXFileReference; fileEncoding = 4; lastKnownFileType = sourcecode.c.objc; path = DPTweetsListViewController.m; sourceTree = "<group>"; };
		97EA6129173117190003CFF0 /* DPTweetsListViewController.xib */ = {isa = PBXFileReference; fileEncoding = 4; lastKnownFileType = file.xib; path = DPTweetsListViewController.xib; sourceTree = "<group>"; };
		97EA612A173117190003CFF0 /* DPTweetViewCell.h */ = {isa = PBXFileReference; fileEncoding = 4; lastKnownFileType = sourcecode.c.h; path = DPTweetViewCell.h; sourceTree = "<group>"; };
		97EA612B173117190003CFF0 /* DPTweetViewCell.m */ = {isa = PBXFileReference; fileEncoding = 4; lastKnownFileType = sourcecode.c.objc; path = DPTweetViewCell.m; sourceTree = "<group>"; };
		97EA612C173117190003CFF0 /* DPTweetViewCell.xib */ = {isa = PBXFileReference; fileEncoding = 4; lastKnownFileType = file.xib; path = DPTweetViewCell.xib; sourceTree = "<group>"; };
		97EA612D173117190003CFF0 /* DPTwitterService.h */ = {isa = PBXFileReference; fileEncoding = 4; lastKnownFileType = sourcecode.c.h; path = DPTwitterService.h; sourceTree = "<group>"; };
		97EA612E173117190003CFF0 /* DPTwitterService.m */ = {isa = PBXFileReference; fileEncoding = 4; lastKnownFileType = sourcecode.c.objc; path = DPTwitterService.m; sourceTree = "<group>"; };
		97EA612F173117190003CFF0 /* DPTwitterTableDataSource.h */ = {isa = PBXFileReference; fileEncoding = 4; lastKnownFileType = sourcecode.c.h; path = DPTwitterTableDataSource.h; sourceTree = "<group>"; };
		97EA6130173117190003CFF0 /* DPTwitterTableDataSource.m */ = {isa = PBXFileReference; fileEncoding = 4; lastKnownFileType = sourcecode.c.objc; path = DPTwitterTableDataSource.m; sourceTree = "<group>"; };
		97EA6131173117190003CFF0 /* DPTwitterTableDelegate.h */ = {isa = PBXFileReference; fileEncoding = 4; lastKnownFileType = sourcecode.c.h; path = DPTwitterTableDelegate.h; sourceTree = "<group>"; };
		97EA6132173117190003CFF0 /* DPTwitterTableDelegate.m */ = {isa = PBXFileReference; fileEncoding = 4; lastKnownFileType = sourcecode.c.objc; path = DPTwitterTableDelegate.m; sourceTree = "<group>"; };
		97EA6133173117190003CFF0 /* NSDictionary+Extensions.h */ = {isa = PBXFileReference; fileEncoding = 4; lastKnownFileType = sourcecode.c.h; path = "NSDictionary+Extensions.h"; sourceTree = "<group>"; };
		97EA6134173117190003CFF0 /* NSDictionary+Extensions.m */ = {isa = PBXFileReference; fileEncoding = 4; lastKnownFileType = sourcecode.c.objc; path = "NSDictionary+Extensions.m"; sourceTree = "<group>"; };
		97EA613F173117280003CFF0 /* favorite.png */ = {isa = PBXFileReference; lastKnownFileType = image.png; path = favorite.png; sourceTree = "<group>"; };
		97EA6140173117280003CFF0 /* favorite_hover.png */ = {isa = PBXFileReference; lastKnownFileType = image.png; path = favorite_hover.png; sourceTree = "<group>"; };
		97EA6141173117280003CFF0 /* favorite_on.png */ = {isa = PBXFileReference; lastKnownFileType = image.png; path = favorite_on.png; sourceTree = "<group>"; };
		97EA6142173117280003CFF0 /* reply.png */ = {isa = PBXFileReference; lastKnownFileType = image.png; path = reply.png; sourceTree = "<group>"; };
		97EA6143173117280003CFF0 /* reply_hover.png */ = {isa = PBXFileReference; lastKnownFileType = image.png; path = reply_hover.png; sourceTree = "<group>"; };
		97EA6144173117280003CFF0 /* retweet.png */ = {isa = PBXFileReference; lastKnownFileType = image.png; path = retweet.png; sourceTree = "<group>"; };
		97EA6145173117280003CFF0 /* retweet_hover.png */ = {isa = PBXFileReference; lastKnownFileType = image.png; path = retweet_hover.png; sourceTree = "<group>"; };
		97EA6146173117280003CFF0 /* retweet_on.png */ = {isa = PBXFileReference; lastKnownFileType = image.png; path = retweet_on.png; sourceTree = "<group>"; };
		97EA6147173117280003CFF0 /* twitter-bird-dark-bgs.png */ = {isa = PBXFileReference; lastKnownFileType = image.png; path = "twitter-bird-dark-bgs.png"; sourceTree = "<group>"; };
		97EA6148173117280003CFF0 /* twitter-bird-light-bgs.png */ = {isa = PBXFileReference; lastKnownFileType = image.png; path = "twitter-bird-light-bgs.png"; sourceTree = "<group>"; };
		97EA6149173117280003CFF0 /* twitter-bird-white-on-blue.png */ = {isa = PBXFileReference; lastKnownFileType = image.png; path = "twitter-bird-white-on-blue.png"; sourceTree = "<group>"; };
		97EA6157173117B90003CFF0 /* Resources.bundle */ = {isa = PBXFileReference; lastKnownFileType = "wrapper.plug-in"; path = Resources.bundle; sourceTree = "<group>"; };
		EB109BBCDD334170924F03DB /* libPods.a */ = {isa = PBXFileReference; explicitFileType = archive.ar; includeInIndex = 0; path = libPods.a; sourceTree = BUILT_PRODUCTS_DIR; };
/* End PBXFileReference section */

/* Begin PBXFrameworksBuildPhase section */
		977CCB7C172ACC5A00C3FF6A /* Frameworks */ = {
			isa = PBXFrameworksBuildPhase;
			buildActionMask = 2147483647;
			files = (
				9774F1E2176A322900180D4A /* Social.framework in Frameworks */,
				97EA610517303B800003CFF0 /* CoreGraphics.framework in Frameworks */,
				97EA610417303B6D0003CFF0 /* QuartzCore.framework in Frameworks */,
				97EA60BD172EBB950003CFF0 /* MapKit.framework in Frameworks */,
				97EA60BB172EBB630003CFF0 /* ImageIO.framework in Frameworks */,
				977CCBA8172AD01D00C3FF6A /* Accounts.framework in Frameworks */,
				977CCBA6172ACD6300C3FF6A /* Twitter.framework in Frameworks */,
				977CCB83172ACC5A00C3FF6A /* UIKit.framework in Frameworks */,
				977CCB85172ACC5A00C3FF6A /* Foundation.framework in Frameworks */,
				EABFCB0931534CDC93437B50 /* libPods.a in Frameworks */,
			);
			runOnlyForDeploymentPostprocessing = 0;
		};
/* End PBXFrameworksBuildPhase section */

/* Begin PBXGroup section */
		977CCB76172ACC5A00C3FF6A = {
			isa = PBXGroup;
			children = (
				9774F1E1176A322900180D4A /* Social.framework */,
				9774F1DD176A1DA800180D4A /* Podfile */,
				9774F1DB176A129700180D4A /* DPTwitterKit.podspec */,
				97EA60BC172EBB950003CFF0 /* MapKit.framework */,
				97EA60BA172EBB630003CFF0 /* ImageIO.framework */,
				97EA60B8172EBB270003CFF0 /* CoreFoundation.framework */,
				97EA60B6172EBB160003CFF0 /* QuartzCore.framework */,
				977CCBA7172AD01D00C3FF6A /* Accounts.framework */,
				977CCBA5172ACD6300C3FF6A /* Twitter.framework */,
				977CCB88172ACC5A00C3FF6A /* TwitterTest */,
				977CCB81172ACC5A00C3FF6A /* Frameworks */,
				977CCB80172ACC5A00C3FF6A /* Products */,
				7002D5D4A43A4C9E902DB3EA /* Pods.xcconfig */,
			);
			sourceTree = "<group>";
		};
		977CCB80172ACC5A00C3FF6A /* Products */ = {
			isa = PBXGroup;
			children = (
				977CCB7F172ACC5A00C3FF6A /* TwitterTest.app */,
			);
			name = Products;
			sourceTree = "<group>";
		};
		977CCB81172ACC5A00C3FF6A /* Frameworks */ = {
			isa = PBXGroup;
			children = (
				977CCB82172ACC5A00C3FF6A /* UIKit.framework */,
				977CCB84172ACC5A00C3FF6A /* Foundation.framework */,
				977CCB86172ACC5A00C3FF6A /* CoreGraphics.framework */,
				EB109BBCDD334170924F03DB /* libPods.a */,
			);
			name = Frameworks;
			sourceTree = "<group>";
		};
		977CCB88172ACC5A00C3FF6A /* TwitterTest */ = {
			isa = PBXGroup;
			children = (
				97EA6122173117190003CFF0 /* DPTwitterKit */,
				977CCB91172ACC5A00C3FF6A /* AppDelegate.h */,
				977CCB92172ACC5A00C3FF6A /* AppDelegate.m */,
				977CCB9A172ACC5A00C3FF6A /* ViewController.h */,
				977CCB9B172ACC5A00C3FF6A /* ViewController.m */,
				977CCB9D172ACC5A00C3FF6A /* ViewController.xib */,
				977CCB89172ACC5A00C3FF6A /* Supporting Files */,
			);
			path = TwitterTest;
			sourceTree = "<group>";
		};
		977CCB89172ACC5A00C3FF6A /* Supporting Files */ = {
			isa = PBXGroup;
			children = (
				97EA613E173117280003CFF0 /* res */,
				977CCB8A172ACC5A00C3FF6A /* TwitterTest-Info.plist */,
				977CCB8B172ACC5A00C3FF6A /* InfoPlist.strings */,
				977CCB8E172ACC5A00C3FF6A /* main.m */,
				977CCB90172ACC5A00C3FF6A /* TwitterTest-Prefix.pch */,
				977CCB94172ACC5A00C3FF6A /* Default.png */,
				977CCB96172ACC5A00C3FF6A /* Default@2x.png */,
				977CCB98172ACC5A00C3FF6A /* Default-568h@2x.png */,
			);
			name = "Supporting Files";
			sourceTree = "<group>";
		};
		97E6FB921732BB4B00A1D6CC /* tweet_details */ = {
			isa = PBXGroup;
			children = (
				97E6FB931732BB4B00A1D6CC /* tw_favourite.png */,
				97E6FB941732BB4B00A1D6CC /* tw_favourite_highlighted.png */,
				97E6FB951732BB4B00A1D6CC /* tw_favourite_selected.png */,
				97E6FB961732BB4B00A1D6CC /* tw_favourited_selected_highlighted.png */,
				97E6FB971732BB4B00A1D6CC /* tw_follow.png */,
				97E6FB981732BB4B00A1D6CC /* tw_followed.png */,
				97E6FB991732BB4B00A1D6CC /* tw_reply.png */,
				97E6FB9A1732BB4B00A1D6CC /* tw_reply_highlighted.png */,
				97E6FB9B1732BB4B00A1D6CC /* tw_retweet.png */,
				97E6FB9C1732BB4B00A1D6CC /* tw_retweet_highlighted.png */,
				97E6FB9D1732BB4B00A1D6CC /* tw_retweet_selected.png */,
				97E6FB9E1732BB4B00A1D6CC /* tw_retweet_selected_highlighted.png */,
			);
			path = tweet_details;
			sourceTree = "<group>";
		};
		97EA6122173117190003CFF0 /* DPTwitterKit */ = {
			isa = PBXGroup;
			children = (
				97DB3C081771B8F000F4702F /* UIColor+Extras.h */,
				97DB3C091771B8F000F4702F /* UIColor+Extras.m */,
				97E6FB8D1732B8CE00A1D6CC /* DPTweetViewController.m */,
				97E6FB8E1732B8CE00A1D6CC /* DPTweetViewController.h */,
				97E6FB8F1732B8CE00A1D6CC /* DPTweetViewController.xib */,
				97EA6157173117B90003CFF0 /* Resources.bundle */,
				97EA6123173117190003CFF0 /* DPTweetDelegate.h */,
				97EA6124173117190003CFF0 /* DPTweetsCache.h */,
				97EA6125173117190003CFF0 /* DPTweetsCache.m */,
				97EA6126173117190003CFF0 /* DPTweetsDisplay.h */,
				97EA6127173117190003CFF0 /* DPTweetsListViewController.h */,
				97EA6128173117190003CFF0 /* DPTweetsListViewController.m */,
				97EA6129173117190003CFF0 /* DPTweetsListViewController.xib */,
				97EA612A173117190003CFF0 /* DPTweetViewCell.h */,
				97EA612B173117190003CFF0 /* DPTweetViewCell.m */,
				97EA612C173117190003CFF0 /* DPTweetViewCell.xib */,
				97EA612D173117190003CFF0 /* DPTwitterService.h */,
				97EA612E173117190003CFF0 /* DPTwitterService.m */,
				97EA612F173117190003CFF0 /* DPTwitterTableDataSource.h */,
				97EA6130173117190003CFF0 /* DPTwitterTableDataSource.m */,
				97EA6131173117190003CFF0 /* DPTwitterTableDelegate.h */,
				97EA6132173117190003CFF0 /* DPTwitterTableDelegate.m */,
				97EA6133173117190003CFF0 /* NSDictionary+Extensions.h */,
				97EA6134173117190003CFF0 /* NSDictionary+Extensions.m */,
				97E6FBAB1732BBC500A1D6CC /* DPAuthorViewController.h */,
				97E6FBAC1732BBC500A1D6CC /* DPAuthorViewController.m */,
				97E6FBAD1732BBC600A1D6CC /* DPAuthorViewController.xib */,
			);
			path = DPTwitterKit;
			sourceTree = SOURCE_ROOT;
		};
		97EA613E173117280003CFF0 /* res */ = {
			isa = PBXGroup;
			children = (
				97E6FB921732BB4B00A1D6CC /* tweet_details */,
				97EA613F173117280003CFF0 /* favorite.png */,
				97EA6140173117280003CFF0 /* favorite_hover.png */,
				97EA6141173117280003CFF0 /* favorite_on.png */,
				97EA6142173117280003CFF0 /* reply.png */,
				97EA6143173117280003CFF0 /* reply_hover.png */,
				97EA6144173117280003CFF0 /* retweet.png */,
				97EA6145173117280003CFF0 /* retweet_hover.png */,
				97EA6146173117280003CFF0 /* retweet_on.png */,
				97EA6147173117280003CFF0 /* twitter-bird-dark-bgs.png */,
				97EA6148173117280003CFF0 /* twitter-bird-light-bgs.png */,
				97EA6149173117280003CFF0 /* twitter-bird-white-on-blue.png */,
			);
			path = res;
			sourceTree = SOURCE_ROOT;
		};
/* End PBXGroup section */

/* Begin PBXNativeTarget section */
		977CCB7E172ACC5A00C3FF6A /* TwitterTest */ = {
			isa = PBXNativeTarget;
			buildConfigurationList = 977CCBA2172ACC5A00C3FF6A /* Build configuration list for PBXNativeTarget "TwitterTest" */;
			buildPhases = (
				C180B93BDA1B44299BC2BCC9 /* Check Pods Manifest.lock */,
				977CCB7B172ACC5A00C3FF6A /* Sources */,
				977CCB7C172ACC5A00C3FF6A /* Frameworks */,
				977CCB7D172ACC5A00C3FF6A /* Resources */,
				E400CF736A92476E90980C93 /* Copy Pods Resources */,
			);
			buildRules = (
			);
			dependencies = (
			);
			name = TwitterTest;
			productName = TwitterTest;
			productReference = 977CCB7F172ACC5A00C3FF6A /* TwitterTest.app */;
			productType = "com.apple.product-type.application";
		};
/* End PBXNativeTarget section */

/* Begin PBXProject section */
		977CCB77172ACC5A00C3FF6A /* Project object */ = {
			isa = PBXProject;
			attributes = {
				LastUpgradeCheck = 0460;
				ORGANIZATIONNAME = "Genie-Connect";
			};
			buildConfigurationList = 977CCB7A172ACC5A00C3FF6A /* Build configuration list for PBXProject "TwitterTest" */;
			compatibilityVersion = "Xcode 3.2";
			developmentRegion = English;
			hasScannedForEncodings = 0;
			knownRegions = (
				en,
			);
			mainGroup = 977CCB76172ACC5A00C3FF6A;
			productRefGroup = 977CCB80172ACC5A00C3FF6A /* Products */;
			projectDirPath = "";
			projectRoot = "";
			targets = (
				977CCB7E172ACC5A00C3FF6A /* TwitterTest */,
			);
		};
/* End PBXProject section */

/* Begin PBXResourcesBuildPhase section */
		977CCB7D172ACC5A00C3FF6A /* Resources */ = {
			isa = PBXResourcesBuildPhase;
			buildActionMask = 2147483647;
			files = (
				977CCB8D172ACC5A00C3FF6A /* InfoPlist.strings in Resources */,
				977CCB95172ACC5A00C3FF6A /* Default.png in Resources */,
				977CCB97172ACC5A00C3FF6A /* Default@2x.png in Resources */,
				977CCB99172ACC5A00C3FF6A /* Default-568h@2x.png in Resources */,
				977CCB9F172ACC5A00C3FF6A /* ViewController.xib in Resources */,
				97EA6137173117190003CFF0 /* DPTweetsListViewController.xib in Resources */,
				97EA6139173117190003CFF0 /* DPTweetViewCell.xib in Resources */,
				97EA614A173117280003CFF0 /* favorite.png in Resources */,
				97EA614B173117280003CFF0 /* favorite_hover.png in Resources */,
				97EA614C173117280003CFF0 /* favorite_on.png in Resources */,
				97EA614D173117280003CFF0 /* reply.png in Resources */,
				97EA614E173117280003CFF0 /* reply_hover.png in Resources */,
				97EA614F173117280003CFF0 /* retweet.png in Resources */,
				97EA6150173117280003CFF0 /* retweet_hover.png in Resources */,
				97EA6151173117280003CFF0 /* retweet_on.png in Resources */,
				97EA6152173117280003CFF0 /* twitter-bird-dark-bgs.png in Resources */,
				97EA6153173117280003CFF0 /* twitter-bird-light-bgs.png in Resources */,
				97EA6154173117280003CFF0 /* twitter-bird-white-on-blue.png in Resources */,
				97EA6158173117B90003CFF0 /* Resources.bundle in Resources */,
				97E6FB911732B8CE00A1D6CC /* DPTweetViewController.xib in Resources */,
				97E6FB9F1732BB4B00A1D6CC /* tw_favourite.png in Resources */,
				97E6FBA01732BB4B00A1D6CC /* tw_favourite_highlighted.png in Resources */,
				97E6FBA11732BB4B00A1D6CC /* tw_favourite_selected.png in Resources */,
				97E6FBA21732BB4B00A1D6CC /* tw_favourited_selected_highlighted.png in Resources */,
				97E6FBA31732BB4B00A1D6CC /* tw_follow.png in Resources */,
				97E6FBA41732BB4B00A1D6CC /* tw_followed.png in Resources */,
				97E6FBA51732BB4B00A1D6CC /* tw_reply.png in Resources */,
				97E6FBA61732BB4B00A1D6CC /* tw_reply_highlighted.png in Resources */,
				97E6FBA71732BB4B00A1D6CC /* tw_retweet.png in Resources */,
				97E6FBA81732BB4B00A1D6CC /* tw_retweet_highlighted.png in Resources */,
				97E6FBA91732BB4B00A1D6CC /* tw_retweet_selected.png in Resources */,
				97E6FBAA1732BB4B00A1D6CC /* tw_retweet_selected_highlighted.png in Resources */,
				97E6FBAF1732BBC600A1D6CC /* DPAuthorViewController.xib in Resources */,
				9774F1DC176A129700180D4A /* DPTwitterKit.podspec in Resources */,
				9774F1DE176A1DA800180D4A /* Podfile in Resources */,
			);
			runOnlyForDeploymentPostprocessing = 0;
		};
/* End PBXResourcesBuildPhase section */

/* Begin PBXShellScriptBuildPhase section */
		C180B93BDA1B44299BC2BCC9 /* Check Pods Manifest.lock */ = {
			isa = PBXShellScriptBuildPhase;
			buildActionMask = 2147483647;
			files = (
			);
			inputPaths = (
			);
			name = "Check Pods Manifest.lock";
			outputPaths = (
			);
			runOnlyForDeploymentPostprocessing = 0;
			shellPath = /bin/sh;
			shellScript = "diff \"${PODS_ROOT}/../Podfile.lock\" \"${PODS_ROOT}/Manifest.lock\" > /dev/null\nif [[ $? != 0 ]] ; then\n    cat << EOM\nerror: The sandbox is not in sync with the Podfile.lock. Run 'pod install' or update your CocoaPods installation.\nEOM\n    exit 1\nfi\n";
		};
		E400CF736A92476E90980C93 /* Copy Pods Resources */ = {
			isa = PBXShellScriptBuildPhase;
			buildActionMask = 2147483647;
			files = (
			);
			inputPaths = (
			);
			name = "Copy Pods Resources";
			outputPaths = (
			);
			runOnlyForDeploymentPostprocessing = 0;
			shellPath = /bin/sh;
			shellScript = "\"${SRCROOT}/Pods/Pods-resources.sh\"\n";
		};
/* End PBXShellScriptBuildPhase section */

/* Begin PBXSourcesBuildPhase section */
		977CCB7B172ACC5A00C3FF6A /* Sources */ = {
			isa = PBXSourcesBuildPhase;
			buildActionMask = 2147483647;
			files = (
				977CCB8F172ACC5A00C3FF6A /* main.m in Sources */,
				977CCB93172ACC5A00C3FF6A /* AppDelegate.m in Sources */,
				977CCB9C172ACC5A00C3FF6A /* ViewController.m in Sources */,
				97EA6135173117190003CFF0 /* DPTweetsCache.m in Sources */,
				97EA6136173117190003CFF0 /* DPTweetsListViewController.m in Sources */,
				97EA6138173117190003CFF0 /* DPTweetViewCell.m in Sources */,
				97EA613A173117190003CFF0 /* DPTwitterService.m in Sources */,
				97EA613B173117190003CFF0 /* DPTwitterTableDataSource.m in Sources */,
				97EA613C173117190003CFF0 /* DPTwitterTableDelegate.m in Sources */,
				97EA613D173117190003CFF0 /* NSDictionary+Extensions.m in Sources */,
				97E6FB901732B8CE00A1D6CC /* DPTweetViewController.m in Sources */,
				97E6FBAE1732BBC600A1D6CC /* DPAuthorViewController.m in Sources */,
				97DB3C0A1771B8F000F4702F /* UIColor+Extras.m in Sources */,
			);
			runOnlyForDeploymentPostprocessing = 0;
		};
/* End PBXSourcesBuildPhase section */

/* Begin PBXVariantGroup section */
		977CCB8B172ACC5A00C3FF6A /* InfoPlist.strings */ = {
			isa = PBXVariantGroup;
			children = (
				977CCB8C172ACC5A00C3FF6A /* en */,
			);
			name = InfoPlist.strings;
			sourceTree = "<group>";
		};
		977CCB9D172ACC5A00C3FF6A /* ViewController.xib */ = {
			isa = PBXVariantGroup;
			children = (
				977CCB9E172ACC5A00C3FF6A /* en */,
			);
			name = ViewController.xib;
			sourceTree = "<group>";
		};
/* End PBXVariantGroup section */

/* Begin XCBuildConfiguration section */
		977CCBA0172ACC5A00C3FF6A /* Debug */ = {
			isa = XCBuildConfiguration;
			buildSettings = {
				ALWAYS_SEARCH_USER_PATHS = NO;
				CLANG_CXX_LANGUAGE_STANDARD = "gnu++0x";
				CLANG_CXX_LIBRARY = "libc++";
				CLANG_ENABLE_OBJC_ARC = YES;
				CLANG_WARN_CONSTANT_CONVERSION = YES;
				CLANG_WARN_EMPTY_BODY = YES;
				CLANG_WARN_ENUM_CONVERSION = YES;
				CLANG_WARN_INT_CONVERSION = YES;
				CLANG_WARN__DUPLICATE_METHOD_MATCH = YES;
				"CODE_SIGN_IDENTITY[sdk=iphoneos*]" = "iPhone Developer";
				COPY_PHASE_STRIP = NO;
				GCC_C_LANGUAGE_STANDARD = gnu99;
				GCC_DYNAMIC_NO_PIC = NO;
				GCC_OPTIMIZATION_LEVEL = 0;
				GCC_PREPROCESSOR_DEFINITIONS = (
					"DEBUG=1",
					"$(inherited)",
				);
				GCC_SYMBOLS_PRIVATE_EXTERN = NO;
				GCC_WARN_ABOUT_RETURN_TYPE = YES;
				GCC_WARN_UNINITIALIZED_AUTOS = YES;
				GCC_WARN_UNUSED_VARIABLE = YES;
				IPHONEOS_DEPLOYMENT_TARGET = 6.0;
				ONLY_ACTIVE_ARCH = YES;
				SDKROOT = iphoneos;
			};
			name = Debug;
		};
		977CCBA1172ACC5A00C3FF6A /* Release */ = {
			isa = XCBuildConfiguration;
			buildSettings = {
				ALWAYS_SEARCH_USER_PATHS = NO;
				CLANG_CXX_LANGUAGE_STANDARD = "gnu++0x";
				CLANG_CXX_LIBRARY = "libc++";
				CLANG_ENABLE_OBJC_ARC = YES;
				CLANG_WARN_CONSTANT_CONVERSION = YES;
				CLANG_WARN_EMPTY_BODY = YES;
				CLANG_WARN_ENUM_CONVERSION = YES;
				CLANG_WARN_INT_CONVERSION = YES;
				CLANG_WARN__DUPLICATE_METHOD_MATCH = YES;
				"CODE_SIGN_IDENTITY[sdk=iphoneos*]" = "iPhone Developer";
				COPY_PHASE_STRIP = YES;
				GCC_C_LANGUAGE_STANDARD = gnu99;
				GCC_WARN_ABOUT_RETURN_TYPE = YES;
				GCC_WARN_UNINITIALIZED_AUTOS = YES;
				GCC_WARN_UNUSED_VARIABLE = YES;
				IPHONEOS_DEPLOYMENT_TARGET = 6.0;
				OTHER_CFLAGS = "-DNS_BLOCK_ASSERTIONS=1";
				SDKROOT = iphoneos;
				VALIDATE_PRODUCT = YES;
			};
			name = Release;
		};
		977CCBA3172ACC5A00C3FF6A /* Debug */ = {
			isa = XCBuildConfiguration;
			baseConfigurationReference = 7002D5D4A43A4C9E902DB3EA /* Pods.xcconfig */;
			buildSettings = {
				GCC_PRECOMPILE_PREFIX_HEADER = YES;
				GCC_PREFIX_HEADER = "TwitterTest/TwitterTest-Prefix.pch";
				HEADER_SEARCH_PATHS = "$(inherited)";
				INFOPLIST_FILE = "TwitterTest/TwitterTest-Info.plist";
				IPHONEOS_DEPLOYMENT_TARGET = 6.0;
				PRODUCT_NAME = "$(TARGET_NAME)";
				USER_HEADER_SEARCH_PATHS = "$(SRCROOT)/submodules/**";
				WRAPPER_EXTENSION = app;
			};
			name = Debug;
		};
		977CCBA4172ACC5A00C3FF6A /* Release */ = {
			isa = XCBuildConfiguration;
			baseConfigurationReference = 7002D5D4A43A4C9E902DB3EA /* Pods.xcconfig */;
			buildSettings = {
				GCC_PRECOMPILE_PREFIX_HEADER = YES;
				GCC_PREFIX_HEADER = "TwitterTest/TwitterTest-Prefix.pch";
				HEADER_SEARCH_PATHS = "$(inherited)";
				INFOPLIST_FILE = "TwitterTest/TwitterTest-Info.plist";
				IPHONEOS_DEPLOYMENT_TARGET = 6.0;
				PRODUCT_NAME = "$(TARGET_NAME)";
				USER_HEADER_SEARCH_PATHS = "$(SRCROOT)/submodules/**";
				WRAPPER_EXTENSION = app;
			};
			name = Release;
		};
/* End XCBuildConfiguration section */

/* Begin XCConfigurationList section */
		977CCB7A172ACC5A00C3FF6A /* Build configuration list for PBXProject "TwitterTest" */ = {
			isa = XCConfigurationList;
			buildConfigurations = (
				977CCBA0172ACC5A00C3FF6A /* Debug */,
				977CCBA1172ACC5A00C3FF6A /* Release */,
			);
			defaultConfigurationIsVisible = 0;
			defaultConfigurationName = Release;
		};
		977CCBA2172ACC5A00C3FF6A /* Build configuration list for PBXNativeTarget "TwitterTest" */ = {
			isa = XCConfigurationList;
			buildConfigurations = (
				977CCBA3172ACC5A00C3FF6A /* Debug */,
				977CCBA4172ACC5A00C3FF6A /* Release */,
			);
			defaultConfigurationIsVisible = 0;
			defaultConfigurationName = Release;
		};
/* End XCConfigurationList section */
	};
	rootObject = 977CCB77172ACC5A00C3FF6A /* Project object */;
}
