// !$*UTF8*$!
{
	archiveVersion = 1;
	classes = {
	};
	objectVersion = 46;
	objects = {

/* Begin PBXBuildFile section */
		977CCB83172ACC5A00C3FF6A /* UIKit.framework in Frameworks */ = {isa = PBXBuildFile; fileRef = 977CCB82172ACC5A00C3FF6A /* UIKit.framework */; };
		977CCB85172ACC5A00C3FF6A /* Foundation.framework in Frameworks */ = {isa = PBXBuildFile; fileRef = 977CCB84172ACC5A00C3FF6A /* Foundation.framework */; };
		977CCB87172ACC5A00C3FF6A /* CoreGraphics.framework in Frameworks */ = {isa = PBXBuildFile; fileRef = 977CCB86172ACC5A00C3FF6A /* CoreGraphics.framework */; };
		977CCB8D172ACC5A00C3FF6A /* InfoPlist.strings in Resources */ = {isa = PBXBuildFile; fileRef = 977CCB8B172ACC5A00C3FF6A /* InfoPlist.strings */; };
		977CCB8F172ACC5A00C3FF6A /* main.m in Sources */ = {isa = PBXBuildFile; fileRef = 977CCB8E172ACC5A00C3FF6A /* main.m */; };
		977CCB93172ACC5A00C3FF6A /* AppDelegate.m in Sources */ = {isa = PBXBuildFile; fileRef = 977CCB92172ACC5A00C3FF6A /* AppDelegate.m */; };
		977CCB95172ACC5A00C3FF6A /* Default.png in Resources */ = {isa = PBXBuildFile; fileRef = 977CCB94172ACC5A00C3FF6A /* Default.png */; };
		977CCB97172ACC5A00C3FF6A /* Default@2x.png in Resources */ = {isa = PBXBuildFile; fileRef = 977CCB96172ACC5A00C3FF6A /* Default@2x.png */; };
		977CCB99172ACC5A00C3FF6A /* Default-568h@2x.png in Resources */ = {isa = PBXBuildFile; fileRef = 977CCB98172ACC5A00C3FF6A /* Default-568h@2x.png */; };
		977CCB9C172ACC5A00C3FF6A /* ViewController.m in Sources */ = {isa = PBXBuildFile; fileRef = 977CCB9B172ACC5A00C3FF6A /* ViewController.m */; };
		977CCB9F172ACC5A00C3FF6A /* ViewController.xib in Resources */ = {isa = PBXBuildFile; fileRef = 977CCB9D172ACC5A00C3FF6A /* ViewController.xib */; };
		977CCBA6172ACD6300C3FF6A /* Twitter.framework in Frameworks */ = {isa = PBXBuildFile; fileRef = 977CCBA5172ACD6300C3FF6A /* Twitter.framework */; };
		977CCBA8172AD01D00C3FF6A /* Accounts.framework in Frameworks */ = {isa = PBXBuildFile; fileRef = 977CCBA7172AD01D00C3FF6A /* Accounts.framework */; };
		97EA6044172ADE830003CFF0 /* DPTweetViewCell.xib in Resources */ = {isa = PBXBuildFile; fileRef = 97EA6043172ADE830003CFF0 /* DPTweetViewCell.xib */; };
		97EA604E172AE2C10003CFF0 /* retweet_on.png in Resources */ = {isa = PBXBuildFile; fileRef = 97EA6045172AE2C10003CFF0 /* retweet_on.png */; };
		97EA604F172AE2C10003CFF0 /* retweet_hover.png in Resources */ = {isa = PBXBuildFile; fileRef = 97EA6046172AE2C10003CFF0 /* retweet_hover.png */; };
		97EA6050172AE2C10003CFF0 /* retweet.png in Resources */ = {isa = PBXBuildFile; fileRef = 97EA6047172AE2C10003CFF0 /* retweet.png */; };
		97EA6051172AE2C10003CFF0 /* reply_hover.png in Resources */ = {isa = PBXBuildFile; fileRef = 97EA6048172AE2C10003CFF0 /* reply_hover.png */; };
		97EA6052172AE2C10003CFF0 /* reply.png in Resources */ = {isa = PBXBuildFile; fileRef = 97EA6049172AE2C10003CFF0 /* reply.png */; };
		97EA6053172AE2C10003CFF0 /* favorite_on.png in Resources */ = {isa = PBXBuildFile; fileRef = 97EA604A172AE2C10003CFF0 /* favorite_on.png */; };
		97EA6054172AE2C10003CFF0 /* favorite_hover.png in Resources */ = {isa = PBXBuildFile; fileRef = 97EA604B172AE2C10003CFF0 /* favorite_hover.png */; };
		97EA6055172AE2C10003CFF0 /* favorite.png in Resources */ = {isa = PBXBuildFile; fileRef = 97EA604C172AE2C10003CFF0 /* favorite.png */; };
		97EA6056172AE2C10003CFF0 /* twitter-bird-light-bgs.png in Resources */ = {isa = PBXBuildFile; fileRef = 97EA604D172AE2C10003CFF0 /* twitter-bird-light-bgs.png */; };
		97EA6059172AE4330003CFF0 /* DPTweetViewCell.m in Sources */ = {isa = PBXBuildFile; fileRef = 97EA6058172AE4330003CFF0 /* DPTweetViewCell.m */; };
		97EA6087172E8BED0003CFF0 /* STTweetLabel.m in Sources */ = {isa = PBXBuildFile; fileRef = 97EA6086172E8BED0003CFF0 /* STTweetLabel.m */; };
		97EA608B172E99F60003CFF0 /* DPTweetsListViewController.m in Sources */ = {isa = PBXBuildFile; fileRef = 97EA6089172E99F60003CFF0 /* DPTweetsListViewController.m */; };
		97EA608C172E99F60003CFF0 /* DPTweetsListViewController.xib in Resources */ = {isa = PBXBuildFile; fileRef = 97EA608A172E99F60003CFF0 /* DPTweetsListViewController.xib */; };
		97EA608F172EA15A0003CFF0 /* DPTwitterAccountSelector.m in Sources */ = {isa = PBXBuildFile; fileRef = 97EA608E172EA15A0003CFF0 /* DPTwitterAccountSelector.m */; };
		97EA60AA172EBA360003CFF0 /* MKAnnotationView+WebCache.m in Sources */ = {isa = PBXBuildFile; fileRef = 97EA6092172EBA360003CFF0 /* MKAnnotationView+WebCache.m */; };
		97EA60AB172EBA360003CFF0 /* NSData+GIF.m in Sources */ = {isa = PBXBuildFile; fileRef = 97EA6094172EBA360003CFF0 /* NSData+GIF.m */; };
		97EA60AC172EBA360003CFF0 /* SDImageCache.m in Sources */ = {isa = PBXBuildFile; fileRef = 97EA6096172EBA360003CFF0 /* SDImageCache.m */; };
		97EA60AD172EBA360003CFF0 /* SDWebImageCompat.m in Sources */ = {isa = PBXBuildFile; fileRef = 97EA6098172EBA360003CFF0 /* SDWebImageCompat.m */; };
		97EA60AE172EBA360003CFF0 /* SDWebImageDecoder.m in Sources */ = {isa = PBXBuildFile; fileRef = 97EA609A172EBA360003CFF0 /* SDWebImageDecoder.m */; };
		97EA60AF172EBA360003CFF0 /* SDWebImageDownloader.m in Sources */ = {isa = PBXBuildFile; fileRef = 97EA609C172EBA360003CFF0 /* SDWebImageDownloader.m */; };
		97EA60B0172EBA360003CFF0 /* SDWebImageDownloaderOperation.m in Sources */ = {isa = PBXBuildFile; fileRef = 97EA609E172EBA360003CFF0 /* SDWebImageDownloaderOperation.m */; };
		97EA60B1172EBA360003CFF0 /* SDWebImageManager.m in Sources */ = {isa = PBXBuildFile; fileRef = 97EA60A0172EBA360003CFF0 /* SDWebImageManager.m */; };
		97EA60B2172EBA360003CFF0 /* SDWebImagePrefetcher.m in Sources */ = {isa = PBXBuildFile; fileRef = 97EA60A3172EBA360003CFF0 /* SDWebImagePrefetcher.m */; };
		97EA60B3172EBA360003CFF0 /* UIButton+WebCache.m in Sources */ = {isa = PBXBuildFile; fileRef = 97EA60A5172EBA360003CFF0 /* UIButton+WebCache.m */; };
		97EA60B4172EBA360003CFF0 /* UIImage+GIF.m in Sources */ = {isa = PBXBuildFile; fileRef = 97EA60A7172EBA360003CFF0 /* UIImage+GIF.m */; };
		97EA60B5172EBA360003CFF0 /* UIImageView+WebCache.m in Sources */ = {isa = PBXBuildFile; fileRef = 97EA60A9172EBA360003CFF0 /* UIImageView+WebCache.m */; };
		97EA60BB172EBB630003CFF0 /* ImageIO.framework in Frameworks */ = {isa = PBXBuildFile; fileRef = 97EA60BA172EBB630003CFF0 /* ImageIO.framework */; };
		97EA60BD172EBB950003CFF0 /* MapKit.framework in Frameworks */ = {isa = PBXBuildFile; fileRef = 97EA60BC172EBB950003CFF0 /* MapKit.framework */; };
/* End PBXBuildFile section */

/* Begin PBXFileReference section */
		977CCB7F172ACC5A00C3FF6A /* TwitterTest.app */ = {isa = PBXFileReference; explicitFileType = wrapper.application; includeInIndex = 0; path = TwitterTest.app; sourceTree = BUILT_PRODUCTS_DIR; };
		977CCB82172ACC5A00C3FF6A /* UIKit.framework */ = {isa = PBXFileReference; lastKnownFileType = wrapper.framework; name = UIKit.framework; path = System/Library/Frameworks/UIKit.framework; sourceTree = SDKROOT; };
		977CCB84172ACC5A00C3FF6A /* Foundation.framework */ = {isa = PBXFileReference; lastKnownFileType = wrapper.framework; name = Foundation.framework; path = System/Library/Frameworks/Foundation.framework; sourceTree = SDKROOT; };
		977CCB86172ACC5A00C3FF6A /* CoreGraphics.framework */ = {isa = PBXFileReference; lastKnownFileType = wrapper.framework; name = CoreGraphics.framework; path = System/Library/Frameworks/CoreGraphics.framework; sourceTree = SDKROOT; };
		977CCB8A172ACC5A00C3FF6A /* TwitterTest-Info.plist */ = {isa = PBXFileReference; lastKnownFileType = text.plist.xml; path = "TwitterTest-Info.plist"; sourceTree = "<group>"; };
		977CCB8C172ACC5A00C3FF6A /* en */ = {isa = PBXFileReference; lastKnownFileType = text.plist.strings; name = en; path = en.lproj/InfoPlist.strings; sourceTree = "<group>"; };
		977CCB8E172ACC5A00C3FF6A /* main.m */ = {isa = PBXFileReference; lastKnownFileType = sourcecode.c.objc; path = main.m; sourceTree = "<group>"; };
		977CCB90172ACC5A00C3FF6A /* TwitterTest-Prefix.pch */ = {isa = PBXFileReference; lastKnownFileType = sourcecode.c.h; path = "TwitterTest-Prefix.pch"; sourceTree = "<group>"; };
		977CCB91172ACC5A00C3FF6A /* AppDelegate.h */ = {isa = PBXFileReference; lastKnownFileType = sourcecode.c.h; path = AppDelegate.h; sourceTree = "<group>"; };
		977CCB92172ACC5A00C3FF6A /* AppDelegate.m */ = {isa = PBXFileReference; lastKnownFileType = sourcecode.c.objc; path = AppDelegate.m; sourceTree = "<group>"; };
		977CCB94172ACC5A00C3FF6A /* Default.png */ = {isa = PBXFileReference; lastKnownFileType = image.png; path = Default.png; sourceTree = "<group>"; };
		977CCB96172ACC5A00C3FF6A /* Default@2x.png */ = {isa = PBXFileReference; lastKnownFileType = image.png; path = "Default@2x.png"; sourceTree = "<group>"; };
		977CCB98172ACC5A00C3FF6A /* Default-568h@2x.png */ = {isa = PBXFileReference; lastKnownFileType = image.png; path = "Default-568h@2x.png"; sourceTree = "<group>"; };
		977CCB9A172ACC5A00C3FF6A /* ViewController.h */ = {isa = PBXFileReference; lastKnownFileType = sourcecode.c.h; path = ViewController.h; sourceTree = "<group>"; };
		977CCB9B172ACC5A00C3FF6A /* ViewController.m */ = {isa = PBXFileReference; lastKnownFileType = sourcecode.c.objc; path = ViewController.m; sourceTree = "<group>"; };
		977CCB9E172ACC5A00C3FF6A /* en */ = {isa = PBXFileReference; lastKnownFileType = file.xib; name = en; path = en.lproj/ViewController.xib; sourceTree = "<group>"; };
		977CCBA5172ACD6300C3FF6A /* Twitter.framework */ = {isa = PBXFileReference; lastKnownFileType = wrapper.framework; name = Twitter.framework; path = System/Library/Frameworks/Twitter.framework; sourceTree = SDKROOT; };
		977CCBA7172AD01D00C3FF6A /* Accounts.framework */ = {isa = PBXFileReference; lastKnownFileType = wrapper.framework; name = Accounts.framework; path = System/Library/Frameworks/Accounts.framework; sourceTree = SDKROOT; };
		97EA6043172ADE830003CFF0 /* DPTweetViewCell.xib */ = {isa = PBXFileReference; fileEncoding = 4; lastKnownFileType = file.xib; path = DPTweetViewCell.xib; sourceTree = "<group>"; };
		97EA6045172AE2C10003CFF0 /* retweet_on.png */ = {isa = PBXFileReference; lastKnownFileType = image.png; path = retweet_on.png; sourceTree = "<group>"; };
		97EA6046172AE2C10003CFF0 /* retweet_hover.png */ = {isa = PBXFileReference; lastKnownFileType = image.png; path = retweet_hover.png; sourceTree = "<group>"; };
		97EA6047172AE2C10003CFF0 /* retweet.png */ = {isa = PBXFileReference; lastKnownFileType = image.png; path = retweet.png; sourceTree = "<group>"; };
		97EA6048172AE2C10003CFF0 /* reply_hover.png */ = {isa = PBXFileReference; lastKnownFileType = image.png; path = reply_hover.png; sourceTree = "<group>"; };
		97EA6049172AE2C10003CFF0 /* reply.png */ = {isa = PBXFileReference; lastKnownFileType = image.png; path = reply.png; sourceTree = "<group>"; };
		97EA604A172AE2C10003CFF0 /* favorite_on.png */ = {isa = PBXFileReference; lastKnownFileType = image.png; path = favorite_on.png; sourceTree = "<group>"; };
		97EA604B172AE2C10003CFF0 /* favorite_hover.png */ = {isa = PBXFileReference; lastKnownFileType = image.png; path = favorite_hover.png; sourceTree = "<group>"; };
		97EA604C172AE2C10003CFF0 /* favorite.png */ = {isa = PBXFileReference; lastKnownFileType = image.png; path = favorite.png; sourceTree = "<group>"; };
		97EA604D172AE2C10003CFF0 /* twitter-bird-light-bgs.png */ = {isa = PBXFileReference; lastKnownFileType = image.png; path = "twitter-bird-light-bgs.png"; sourceTree = "<group>"; };
		97EA6057172AE4330003CFF0 /* DPTweetViewCell.h */ = {isa = PBXFileReference; fileEncoding = 4; lastKnownFileType = sourcecode.c.h; path = DPTweetViewCell.h; sourceTree = "<group>"; };
		97EA6058172AE4330003CFF0 /* DPTweetViewCell.m */ = {isa = PBXFileReference; fileEncoding = 4; lastKnownFileType = sourcecode.c.objc; path = DPTweetViewCell.m; sourceTree = "<group>"; };
		97EA6085172E8BED0003CFF0 /* STTweetLabel.h */ = {isa = PBXFileReference; fileEncoding = 4; lastKnownFileType = sourcecode.c.h; path = STTweetLabel.h; sourceTree = "<group>"; };
		97EA6086172E8BED0003CFF0 /* STTweetLabel.m */ = {isa = PBXFileReference; fileEncoding = 4; lastKnownFileType = sourcecode.c.objc; path = STTweetLabel.m; sourceTree = "<group>"; };
		97EA6088172E99F60003CFF0 /* DPTweetsListViewController.h */ = {isa = PBXFileReference; fileEncoding = 4; lastKnownFileType = sourcecode.c.h; path = DPTweetsListViewController.h; sourceTree = "<group>"; };
		97EA6089172E99F60003CFF0 /* DPTweetsListViewController.m */ = {isa = PBXFileReference; fileEncoding = 4; lastKnownFileType = sourcecode.c.objc; path = DPTweetsListViewController.m; sourceTree = "<group>"; };
		97EA608A172E99F60003CFF0 /* DPTweetsListViewController.xib */ = {isa = PBXFileReference; fileEncoding = 4; lastKnownFileType = file.xib; path = DPTweetsListViewController.xib; sourceTree = "<group>"; };
		97EA608D172EA15A0003CFF0 /* DPTwitterAccountSelector.h */ = {isa = PBXFileReference; fileEncoding = 4; lastKnownFileType = sourcecode.c.h; path = DPTwitterAccountSelector.h; sourceTree = "<group>"; };
		97EA608E172EA15A0003CFF0 /* DPTwitterAccountSelector.m */ = {isa = PBXFileReference; fileEncoding = 4; lastKnownFileType = sourcecode.c.objc; path = DPTwitterAccountSelector.m; sourceTree = "<group>"; };
		97EA6091172EBA360003CFF0 /* MKAnnotationView+WebCache.h */ = {isa = PBXFileReference; fileEncoding = 4; lastKnownFileType = sourcecode.c.h; path = "MKAnnotationView+WebCache.h"; sourceTree = "<group>"; };
		97EA6092172EBA360003CFF0 /* MKAnnotationView+WebCache.m */ = {isa = PBXFileReference; fileEncoding = 4; lastKnownFileType = sourcecode.c.objc; path = "MKAnnotationView+WebCache.m"; sourceTree = "<group>"; };
		97EA6093172EBA360003CFF0 /* NSData+GIF.h */ = {isa = PBXFileReference; fileEncoding = 4; lastKnownFileType = sourcecode.c.h; path = "NSData+GIF.h"; sourceTree = "<group>"; };
		97EA6094172EBA360003CFF0 /* NSData+GIF.m */ = {isa = PBXFileReference; fileEncoding = 4; lastKnownFileType = sourcecode.c.objc; path = "NSData+GIF.m"; sourceTree = "<group>"; };
		97EA6095172EBA360003CFF0 /* SDImageCache.h */ = {isa = PBXFileReference; fileEncoding = 4; lastKnownFileType = sourcecode.c.h; path = SDImageCache.h; sourceTree = "<group>"; };
		97EA6096172EBA360003CFF0 /* SDImageCache.m */ = {isa = PBXFileReference; fileEncoding = 4; lastKnownFileType = sourcecode.c.objc; path = SDImageCache.m; sourceTree = "<group>"; };
		97EA6097172EBA360003CFF0 /* SDWebImageCompat.h */ = {isa = PBXFileReference; fileEncoding = 4; lastKnownFileType = sourcecode.c.h; path = SDWebImageCompat.h; sourceTree = "<group>"; };
		97EA6098172EBA360003CFF0 /* SDWebImageCompat.m */ = {isa = PBXFileReference; fileEncoding = 4; lastKnownFileType = sourcecode.c.objc; path = SDWebImageCompat.m; sourceTree = "<group>"; };
		97EA6099172EBA360003CFF0 /* SDWebImageDecoder.h */ = {isa = PBXFileReference; fileEncoding = 4; lastKnownFileType = sourcecode.c.h; path = SDWebImageDecoder.h; sourceTree = "<group>"; };
		97EA609A172EBA360003CFF0 /* SDWebImageDecoder.m */ = {isa = PBXFileReference; fileEncoding = 4; lastKnownFileType = sourcecode.c.objc; path = SDWebImageDecoder.m; sourceTree = "<group>"; };
		97EA609B172EBA360003CFF0 /* SDWebImageDownloader.h */ = {isa = PBXFileReference; fileEncoding = 4; lastKnownFileType = sourcecode.c.h; path = SDWebImageDownloader.h; sourceTree = "<group>"; };
		97EA609C172EBA360003CFF0 /* SDWebImageDownloader.m */ = {isa = PBXFileReference; fileEncoding = 4; lastKnownFileType = sourcecode.c.objc; path = SDWebImageDownloader.m; sourceTree = "<group>"; };
		97EA609D172EBA360003CFF0 /* SDWebImageDownloaderOperation.h */ = {isa = PBXFileReference; fileEncoding = 4; lastKnownFileType = sourcecode.c.h; path = SDWebImageDownloaderOperation.h; sourceTree = "<group>"; };
		97EA609E172EBA360003CFF0 /* SDWebImageDownloaderOperation.m */ = {isa = PBXFileReference; fileEncoding = 4; lastKnownFileType = sourcecode.c.objc; path = SDWebImageDownloaderOperation.m; sourceTree = "<group>"; };
		97EA609F172EBA360003CFF0 /* SDWebImageManager.h */ = {isa = PBXFileReference; fileEncoding = 4; lastKnownFileType = sourcecode.c.h; path = SDWebImageManager.h; sourceTree = "<group>"; };
		97EA60A0172EBA360003CFF0 /* SDWebImageManager.m */ = {isa = PBXFileReference; fileEncoding = 4; lastKnownFileType = sourcecode.c.objc; path = SDWebImageManager.m; sourceTree = "<group>"; };
		97EA60A1172EBA360003CFF0 /* SDWebImageOperation.h */ = {isa = PBXFileReference; fileEncoding = 4; lastKnownFileType = sourcecode.c.h; path = SDWebImageOperation.h; sourceTree = "<group>"; };
		97EA60A2172EBA360003CFF0 /* SDWebImagePrefetcher.h */ = {isa = PBXFileReference; fileEncoding = 4; lastKnownFileType = sourcecode.c.h; path = SDWebImagePrefetcher.h; sourceTree = "<group>"; };
		97EA60A3172EBA360003CFF0 /* SDWebImagePrefetcher.m */ = {isa = PBXFileReference; fileEncoding = 4; lastKnownFileType = sourcecode.c.objc; path = SDWebImagePrefetcher.m; sourceTree = "<group>"; };
		97EA60A4172EBA360003CFF0 /* UIButton+WebCache.h */ = {isa = PBXFileReference; fileEncoding = 4; lastKnownFileType = sourcecode.c.h; path = "UIButton+WebCache.h"; sourceTree = "<group>"; };
		97EA60A5172EBA360003CFF0 /* UIButton+WebCache.m */ = {isa = PBXFileReference; fileEncoding = 4; lastKnownFileType = sourcecode.c.objc; path = "UIButton+WebCache.m"; sourceTree = "<group>"; };
		97EA60A6172EBA360003CFF0 /* UIImage+GIF.h */ = {isa = PBXFileReference; fileEncoding = 4; lastKnownFileType = sourcecode.c.h; path = "UIImage+GIF.h"; sourceTree = "<group>"; };
		97EA60A7172EBA360003CFF0 /* UIImage+GIF.m */ = {isa = PBXFileReference; fileEncoding = 4; lastKnownFileType = sourcecode.c.objc; path = "UIImage+GIF.m"; sourceTree = "<group>"; };
		97EA60A8172EBA360003CFF0 /* UIImageView+WebCache.h */ = {isa = PBXFileReference; fileEncoding = 4; lastKnownFileType = sourcecode.c.h; path = "UIImageView+WebCache.h"; sourceTree = "<group>"; };
		97EA60A9172EBA360003CFF0 /* UIImageView+WebCache.m */ = {isa = PBXFileReference; fileEncoding = 4; lastKnownFileType = sourcecode.c.objc; path = "UIImageView+WebCache.m"; sourceTree = "<group>"; };
		97EA60B6172EBB160003CFF0 /* QuartzCore.framework */ = {isa = PBXFileReference; lastKnownFileType = wrapper.framework; name = QuartzCore.framework; path = System/Library/Frameworks/QuartzCore.framework; sourceTree = SDKROOT; };
		97EA60B8172EBB270003CFF0 /* CoreFoundation.framework */ = {isa = PBXFileReference; lastKnownFileType = wrapper.framework; name = CoreFoundation.framework; path = System/Library/Frameworks/CoreFoundation.framework; sourceTree = SDKROOT; };
		97EA60BA172EBB630003CFF0 /* ImageIO.framework */ = {isa = PBXFileReference; lastKnownFileType = wrapper.framework; name = ImageIO.framework; path = System/Library/Frameworks/ImageIO.framework; sourceTree = SDKROOT; };
		97EA60BC172EBB950003CFF0 /* MapKit.framework */ = {isa = PBXFileReference; lastKnownFileType = wrapper.framework; name = MapKit.framework; path = System/Library/Frameworks/MapKit.framework; sourceTree = SDKROOT; };
/* End PBXFileReference section */

/* Begin PBXFrameworksBuildPhase section */
		977CCB7C172ACC5A00C3FF6A /* Frameworks */ = {
			isa = PBXFrameworksBuildPhase;
			buildActionMask = 2147483647;
			files = (
				97EA60BD172EBB950003CFF0 /* MapKit.framework in Frameworks */,
				97EA60BB172EBB630003CFF0 /* ImageIO.framework in Frameworks */,
				977CCBA8172AD01D00C3FF6A /* Accounts.framework in Frameworks */,
				977CCBA6172ACD6300C3FF6A /* Twitter.framework in Frameworks */,
				977CCB83172ACC5A00C3FF6A /* UIKit.framework in Frameworks */,
				977CCB85172ACC5A00C3FF6A /* Foundation.framework in Frameworks */,
				977CCB87172ACC5A00C3FF6A /* CoreGraphics.framework in Frameworks */,
			);
			runOnlyForDeploymentPostprocessing = 0;
		};
/* End PBXFrameworksBuildPhase section */

/* Begin PBXGroup section */
		977CCB76172ACC5A00C3FF6A = {
			isa = PBXGroup;
			children = (
				97EA60BC172EBB950003CFF0 /* MapKit.framework */,
				97EA60BA172EBB630003CFF0 /* ImageIO.framework */,
				97EA60B8172EBB270003CFF0 /* CoreFoundation.framework */,
				97EA60B6172EBB160003CFF0 /* QuartzCore.framework */,
				977CCBA7172AD01D00C3FF6A /* Accounts.framework */,
				977CCBA5172ACD6300C3FF6A /* Twitter.framework */,
				977CCB88172ACC5A00C3FF6A /* TwitterTest */,
				977CCB81172ACC5A00C3FF6A /* Frameworks */,
				977CCB80172ACC5A00C3FF6A /* Products */,
			);
			sourceTree = "<group>";
		};
		977CCB80172ACC5A00C3FF6A /* Products */ = {
			isa = PBXGroup;
			children = (
				977CCB7F172ACC5A00C3FF6A /* TwitterTest.app */,
			);
			name = Products;
			sourceTree = "<group>";
		};
		977CCB81172ACC5A00C3FF6A /* Frameworks */ = {
			isa = PBXGroup;
			children = (
				977CCB82172ACC5A00C3FF6A /* UIKit.framework */,
				977CCB84172ACC5A00C3FF6A /* Foundation.framework */,
				977CCB86172ACC5A00C3FF6A /* CoreGraphics.framework */,
			);
			name = Frameworks;
			sourceTree = "<group>";
		};
		977CCB88172ACC5A00C3FF6A /* TwitterTest */ = {
			isa = PBXGroup;
			children = (
				977CCB91172ACC5A00C3FF6A /* AppDelegate.h */,
				977CCB92172ACC5A00C3FF6A /* AppDelegate.m */,
				977CCB9A172ACC5A00C3FF6A /* ViewController.h */,
				977CCB9B172ACC5A00C3FF6A /* ViewController.m */,
				977CCB9D172ACC5A00C3FF6A /* ViewController.xib */,
				977CCB89172ACC5A00C3FF6A /* Supporting Files */,
				97EA6043172ADE830003CFF0 /* DPTweetViewCell.xib */,
				97EA6057172AE4330003CFF0 /* DPTweetViewCell.h */,
				97EA6058172AE4330003CFF0 /* DPTweetViewCell.m */,
				97EA6088172E99F60003CFF0 /* DPTweetsListViewController.h */,
				97EA6089172E99F60003CFF0 /* DPTweetsListViewController.m */,
				97EA608A172E99F60003CFF0 /* DPTweetsListViewController.xib */,
				97EA608D172EA15A0003CFF0 /* DPTwitterAccountSelector.h */,
				97EA608E172EA15A0003CFF0 /* DPTwitterAccountSelector.m */,
			);
			path = TwitterTest;
			sourceTree = "<group>";
		};
		977CCB89172ACC5A00C3FF6A /* Supporting Files */ = {
			isa = PBXGroup;
			children = (
				97EA6090172EBA360003CFF0 /* SDWebImage */,
				97EA6084172E8BED0003CFF0 /* STTweetLabel */,
				97EA6045172AE2C10003CFF0 /* retweet_on.png */,
				97EA6046172AE2C10003CFF0 /* retweet_hover.png */,
				97EA6047172AE2C10003CFF0 /* retweet.png */,
				97EA6048172AE2C10003CFF0 /* reply_hover.png */,
				97EA6049172AE2C10003CFF0 /* reply.png */,
				97EA604A172AE2C10003CFF0 /* favorite_on.png */,
				97EA604B172AE2C10003CFF0 /* favorite_hover.png */,
				97EA604C172AE2C10003CFF0 /* favorite.png */,
				97EA604D172AE2C10003CFF0 /* twitter-bird-light-bgs.png */,
				977CCB8A172ACC5A00C3FF6A /* TwitterTest-Info.plist */,
				977CCB8B172ACC5A00C3FF6A /* InfoPlist.strings */,
				977CCB8E172ACC5A00C3FF6A /* main.m */,
				977CCB90172ACC5A00C3FF6A /* TwitterTest-Prefix.pch */,
				977CCB94172ACC5A00C3FF6A /* Default.png */,
				977CCB96172ACC5A00C3FF6A /* Default@2x.png */,
				977CCB98172ACC5A00C3FF6A /* Default-568h@2x.png */,
			);
			name = "Supporting Files";
			sourceTree = "<group>";
		};
		97EA6084172E8BED0003CFF0 /* STTweetLabel */ = {
			isa = PBXGroup;
			children = (
				97EA6085172E8BED0003CFF0 /* STTweetLabel.h */,
				97EA6086172E8BED0003CFF0 /* STTweetLabel.m */,
			);
			name = STTweetLabel;
			path = submodules/STTweetLabel/STTweetLabel;
			sourceTree = SOURCE_ROOT;
		};
		97EA6090172EBA360003CFF0 /* SDWebImage */ = {
			isa = PBXGroup;
			children = (
				97EA6091172EBA360003CFF0 /* MKAnnotationView+WebCache.h */,
				97EA6092172EBA360003CFF0 /* MKAnnotationView+WebCache.m */,
				97EA6093172EBA360003CFF0 /* NSData+GIF.h */,
				97EA6094172EBA360003CFF0 /* NSData+GIF.m */,
				97EA6095172EBA360003CFF0 /* SDImageCache.h */,
				97EA6096172EBA360003CFF0 /* SDImageCache.m */,
				97EA6097172EBA360003CFF0 /* SDWebImageCompat.h */,
				97EA6098172EBA360003CFF0 /* SDWebImageCompat.m */,
				97EA6099172EBA360003CFF0 /* SDWebImageDecoder.h */,
				97EA609A172EBA360003CFF0 /* SDWebImageDecoder.m */,
				97EA609B172EBA360003CFF0 /* SDWebImageDownloader.h */,
				97EA609C172EBA360003CFF0 /* SDWebImageDownloader.m */,
				97EA609D172EBA360003CFF0 /* SDWebImageDownloaderOperation.h */,
				97EA609E172EBA360003CFF0 /* SDWebImageDownloaderOperation.m */,
				97EA609F172EBA360003CFF0 /* SDWebImageManager.h */,
				97EA60A0172EBA360003CFF0 /* SDWebImageManager.m */,
				97EA60A1172EBA360003CFF0 /* SDWebImageOperation.h */,
				97EA60A2172EBA360003CFF0 /* SDWebImagePrefetcher.h */,
				97EA60A3172EBA360003CFF0 /* SDWebImagePrefetcher.m */,
				97EA60A4172EBA360003CFF0 /* UIButton+WebCache.h */,
				97EA60A5172EBA360003CFF0 /* UIButton+WebCache.m */,
				97EA60A6172EBA360003CFF0 /* UIImage+GIF.h */,
				97EA60A7172EBA360003CFF0 /* UIImage+GIF.m */,
				97EA60A8172EBA360003CFF0 /* UIImageView+WebCache.h */,
				97EA60A9172EBA360003CFF0 /* UIImageView+WebCache.m */,
			);
			name = SDWebImage;
			path = submodules/SDWebImage/SDWebImage;
			sourceTree = SOURCE_ROOT;
		};
/* End PBXGroup section */

/* Begin PBXNativeTarget section */
		977CCB7E172ACC5A00C3FF6A /* TwitterTest */ = {
			isa = PBXNativeTarget;
			buildConfigurationList = 977CCBA2172ACC5A00C3FF6A /* Build configuration list for PBXNativeTarget "TwitterTest" */;
			buildPhases = (
				977CCB7B172ACC5A00C3FF6A /* Sources */,
				977CCB7C172ACC5A00C3FF6A /* Frameworks */,
				977CCB7D172ACC5A00C3FF6A /* Resources */,
			);
			buildRules = (
			);
			dependencies = (
			);
			name = TwitterTest;
			productName = TwitterTest;
			productReference = 977CCB7F172ACC5A00C3FF6A /* TwitterTest.app */;
			productType = "com.apple.product-type.application";
		};
/* End PBXNativeTarget section */

/* Begin PBXProject section */
		977CCB77172ACC5A00C3FF6A /* Project object */ = {
			isa = PBXProject;
			attributes = {
				LastUpgradeCheck = 0460;
				ORGANIZATIONNAME = "Genie-Connect";
			};
			buildConfigurationList = 977CCB7A172ACC5A00C3FF6A /* Build configuration list for PBXProject "TwitterTest" */;
			compatibilityVersion = "Xcode 3.2";
			developmentRegion = English;
			hasScannedForEncodings = 0;
			knownRegions = (
				en,
			);
			mainGroup = 977CCB76172ACC5A00C3FF6A;
			productRefGroup = 977CCB80172ACC5A00C3FF6A /* Products */;
			projectDirPath = "";
			projectRoot = "";
			targets = (
				977CCB7E172ACC5A00C3FF6A /* TwitterTest */,
			);
		};
/* End PBXProject section */

/* Begin PBXResourcesBuildPhase section */
		977CCB7D172ACC5A00C3FF6A /* Resources */ = {
			isa = PBXResourcesBuildPhase;
			buildActionMask = 2147483647;
			files = (
				977CCB8D172ACC5A00C3FF6A /* InfoPlist.strings in Resources */,
				977CCB95172ACC5A00C3FF6A /* Default.png in Resources */,
				977CCB97172ACC5A00C3FF6A /* Default@2x.png in Resources */,
				977CCB99172ACC5A00C3FF6A /* Default-568h@2x.png in Resources */,
				977CCB9F172ACC5A00C3FF6A /* ViewController.xib in Resources */,
				97EA6044172ADE830003CFF0 /* DPTweetViewCell.xib in Resources */,
				97EA604E172AE2C10003CFF0 /* retweet_on.png in Resources */,
				97EA604F172AE2C10003CFF0 /* retweet_hover.png in Resources */,
				97EA6050172AE2C10003CFF0 /* retweet.png in Resources */,
				97EA6051172AE2C10003CFF0 /* reply_hover.png in Resources */,
				97EA6052172AE2C10003CFF0 /* reply.png in Resources */,
				97EA6053172AE2C10003CFF0 /* favorite_on.png in Resources */,
				97EA6054172AE2C10003CFF0 /* favorite_hover.png in Resources */,
				97EA6055172AE2C10003CFF0 /* favorite.png in Resources */,
				97EA6056172AE2C10003CFF0 /* twitter-bird-light-bgs.png in Resources */,
				97EA608C172E99F60003CFF0 /* DPTweetsListViewController.xib in Resources */,
			);
			runOnlyForDeploymentPostprocessing = 0;
		};
/* End PBXResourcesBuildPhase section */

/* Begin PBXSourcesBuildPhase section */
		977CCB7B172ACC5A00C3FF6A /* Sources */ = {
			isa = PBXSourcesBuildPhase;
			buildActionMask = 2147483647;
			files = (
				977CCB8F172ACC5A00C3FF6A /* main.m in Sources */,
				977CCB93172ACC5A00C3FF6A /* AppDelegate.m in Sources */,
				977CCB9C172ACC5A00C3FF6A /* ViewController.m in Sources */,
				97EA6059172AE4330003CFF0 /* DPTweetViewCell.m in Sources */,
				97EA6087172E8BED0003CFF0 /* STTweetLabel.m in Sources */,
				97EA608B172E99F60003CFF0 /* DPTweetsListViewController.m in Sources */,
				97EA608F172EA15A0003CFF0 /* DPTwitterAccountSelector.m in Sources */,
				97EA60AA172EBA360003CFF0 /* MKAnnotationView+WebCache.m in Sources */,
				97EA60AB172EBA360003CFF0 /* NSData+GIF.m in Sources */,
				97EA60AC172EBA360003CFF0 /* SDImageCache.m in Sources */,
				97EA60AD172EBA360003CFF0 /* SDWebImageCompat.m in Sources */,
				97EA60AE172EBA360003CFF0 /* SDWebImageDecoder.m in Sources */,
				97EA60AF172EBA360003CFF0 /* SDWebImageDownloader.m in Sources */,
				97EA60B0172EBA360003CFF0 /* SDWebImageDownloaderOperation.m in Sources */,
				97EA60B1172EBA360003CFF0 /* SDWebImageManager.m in Sources */,
				97EA60B2172EBA360003CFF0 /* SDWebImagePrefetcher.m in Sources */,
				97EA60B3172EBA360003CFF0 /* UIButton+WebCache.m in Sources */,
				97EA60B4172EBA360003CFF0 /* UIImage+GIF.m in Sources */,
				97EA60B5172EBA360003CFF0 /* UIImageView+WebCache.m in Sources */,
			);
			runOnlyForDeploymentPostprocessing = 0;
		};
/* End PBXSourcesBuildPhase section */

/* Begin PBXVariantGroup section */
		977CCB8B172ACC5A00C3FF6A /* InfoPlist.strings */ = {
			isa = PBXVariantGroup;
			children = (
				977CCB8C172ACC5A00C3FF6A /* en */,
			);
			name = InfoPlist.strings;
			sourceTree = "<group>";
		};
		977CCB9D172ACC5A00C3FF6A /* ViewController.xib */ = {
			isa = PBXVariantGroup;
			children = (
				977CCB9E172ACC5A00C3FF6A /* en */,
			);
			name = ViewController.xib;
			sourceTree = "<group>";
		};
/* End PBXVariantGroup section */

/* Begin XCBuildConfiguration section */
		977CCBA0172ACC5A00C3FF6A /* Debug */ = {
			isa = XCBuildConfiguration;
			buildSettings = {
				ALWAYS_SEARCH_USER_PATHS = NO;
				CLANG_CXX_LANGUAGE_STANDARD = "gnu++0x";
				CLANG_CXX_LIBRARY = "libc++";
				CLANG_ENABLE_OBJC_ARC = YES;
				CLANG_WARN_CONSTANT_CONVERSION = YES;
				CLANG_WARN_EMPTY_BODY = YES;
				CLANG_WARN_ENUM_CONVERSION = YES;
				CLANG_WARN_INT_CONVERSION = YES;
				CLANG_WARN__DUPLICATE_METHOD_MATCH = YES;
				"CODE_SIGN_IDENTITY[sdk=iphoneos*]" = "iPhone Developer";
				COPY_PHASE_STRIP = NO;
				GCC_C_LANGUAGE_STANDARD = gnu99;
				GCC_DYNAMIC_NO_PIC = NO;
				GCC_OPTIMIZATION_LEVEL = 0;
				GCC_PREPROCESSOR_DEFINITIONS = (
					"DEBUG=1",
					"$(inherited)",
				);
				GCC_SYMBOLS_PRIVATE_EXTERN = NO;
				GCC_WARN_ABOUT_RETURN_TYPE = YES;
				GCC_WARN_UNINITIALIZED_AUTOS = YES;
				GCC_WARN_UNUSED_VARIABLE = YES;
				IPHONEOS_DEPLOYMENT_TARGET = 6.1;
				ONLY_ACTIVE_ARCH = YES;
				SDKROOT = iphoneos;
			};
			name = Debug;
		};
		977CCBA1172ACC5A00C3FF6A /* Release */ = {
			isa = XCBuildConfiguration;
			buildSettings = {
				ALWAYS_SEARCH_USER_PATHS = NO;
				CLANG_CXX_LANGUAGE_STANDARD = "gnu++0x";
				CLANG_CXX_LIBRARY = "libc++";
				CLANG_ENABLE_OBJC_ARC = YES;
				CLANG_WARN_CONSTANT_CONVERSION = YES;
				CLANG_WARN_EMPTY_BODY = YES;
				CLANG_WARN_ENUM_CONVERSION = YES;
				CLANG_WARN_INT_CONVERSION = YES;
				CLANG_WARN__DUPLICATE_METHOD_MATCH = YES;
				"CODE_SIGN_IDENTITY[sdk=iphoneos*]" = "iPhone Developer";
				COPY_PHASE_STRIP = YES;
				GCC_C_LANGUAGE_STANDARD = gnu99;
				GCC_WARN_ABOUT_RETURN_TYPE = YES;
				GCC_WARN_UNINITIALIZED_AUTOS = YES;
				GCC_WARN_UNUSED_VARIABLE = YES;
				IPHONEOS_DEPLOYMENT_TARGET = 6.1;
				OTHER_CFLAGS = "-DNS_BLOCK_ASSERTIONS=1";
				SDKROOT = iphoneos;
				VALIDATE_PRODUCT = YES;
			};
			name = Release;
		};
		977CCBA3172ACC5A00C3FF6A /* Debug */ = {
			isa = XCBuildConfiguration;
			buildSettings = {
				GCC_PRECOMPILE_PREFIX_HEADER = YES;
				GCC_PREFIX_HEADER = "TwitterTest/TwitterTest-Prefix.pch";
				HEADER_SEARCH_PATHS = "$(SRCROOT)/submodules/**";
				INFOPLIST_FILE = "TwitterTest/TwitterTest-Info.plist";
				IPHONEOS_DEPLOYMENT_TARGET = 5.0;
				PRODUCT_NAME = "$(TARGET_NAME)";
				WRAPPER_EXTENSION = app;
			};
			name = Debug;
		};
		977CCBA4172ACC5A00C3FF6A /* Release */ = {
			isa = XCBuildConfiguration;
			buildSettings = {
				GCC_PRECOMPILE_PREFIX_HEADER = YES;
				GCC_PREFIX_HEADER = "TwitterTest/TwitterTest-Prefix.pch";
				HEADER_SEARCH_PATHS = "$(SRCROOT)/submodules/**";
				INFOPLIST_FILE = "TwitterTest/TwitterTest-Info.plist";
				IPHONEOS_DEPLOYMENT_TARGET = 5.0;
				PRODUCT_NAME = "$(TARGET_NAME)";
				WRAPPER_EXTENSION = app;
			};
			name = Release;
		};
/* End XCBuildConfiguration section */

/* Begin XCConfigurationList section */
		977CCB7A172ACC5A00C3FF6A /* Build configuration list for PBXProject "TwitterTest" */ = {
			isa = XCConfigurationList;
			buildConfigurations = (
				977CCBA0172ACC5A00C3FF6A /* Debug */,
				977CCBA1172ACC5A00C3FF6A /* Release */,
			);
			defaultConfigurationIsVisible = 0;
			defaultConfigurationName = Release;
		};
		977CCBA2172ACC5A00C3FF6A /* Build configuration list for PBXNativeTarget "TwitterTest" */ = {
			isa = XCConfigurationList;
			buildConfigurations = (
				977CCBA3172ACC5A00C3FF6A /* Debug */,
				977CCBA4172ACC5A00C3FF6A /* Release */,
			);
			defaultConfigurationIsVisible = 0;
			defaultConfigurationName = Release;
		};
/* End XCConfigurationList section */
	};
	rootObject = 977CCB77172ACC5A00C3FF6A /* Project object */;
}
